
Microsoft Visual Studio Solution File, Format Version 12.00
# Visual Studio Version 16
VisualStudioVersion = 16.0.30907.101
MinimumVisualStudioVersion = 10.0.40219.1
Project("{FAE04EC0-301F-11D3-BF4B-00C04F79EFBC}") = "SD.FileSystem.WebClient", "samples\SD.FileSystem.WebClient\SD.FileSystem.WebClient.csproj", "{0DBD3047-DF7F-4D4D-98A0-DE0A166C7677}"
EndProject
Project("{9A19103F-16F7-4668-BE54-9A1E7A4F7556}") = "SD.FileSystem.WebApiClient", "samples\SD.FileSystem.WebApiClient\SD.FileSystem.WebApiClient.csproj", "{50D5AF5A-8806-450D-8913-737A52AA720A}"
EndProject
Project("{9A19103F-16F7-4668-BE54-9A1E7A4F7556}") = "SD.FileSystem.WCFClient", "samples\SD.FileSystem.WCFClient\SD.FileSystem.WCFClient.csproj", "{781DDB08-5C59-47E8-B34A-5C9ABC7174B6}"
EndProject
Project("{2150E333-8FDC-42A3-9474-1A3956D46DE8}") = "00 - Interfaces", "00 - Interfaces", "{DA8043FD-E4A4-45AE-83F5-E7871FF25D17}"
EndProject
Project("{2150E333-8FDC-42A3-9474-1A3956D46DE8}") = "01 - Clients", "01 - Clients", "{CC49EEAC-A745-419E-8AB0-724BFB1B1490}"
EndProject
Project("{9A19103F-16F7-4668-BE54-9A1E7A4F7556}") = "SD.FileSystem.IAppService", "src\SD.FileSystem.IAppService\SD.FileSystem.IAppService.csproj", "{82D1E99C-A02F-4528-BEE3-8F566755DA6E}"
EndProject
Global
	GlobalSection(SolutionConfigurationPlatforms) = preSolution
		Debug|Any CPU = Debug|Any CPU
		Release|Any CPU = Release|Any CPU
	EndGlobalSection
	GlobalSection(ProjectConfigurationPlatforms) = postSolution
		{0DBD3047-DF7F-4D4D-98A0-DE0A166C7677}.Debug|Any CPU.ActiveCfg = Debug|Any CPU
		{0DBD3047-DF7F-4D4D-98A0-DE0A166C7677}.Debug|Any CPU.Build.0 = Debug|Any CPU
		{0DBD3047-DF7F-4D4D-98A0-DE0A166C7677}.Release|Any CPU.ActiveCfg = Release|Any CPU
		{0DBD3047-DF7F-4D4D-98A0-DE0A166C7677}.Release|Any CPU.Build.0 = Release|Any CPU
		{50D5AF5A-8806-450D-8913-737A52AA720A}.Debug|Any CPU.ActiveCfg = Debug|Any CPU
		{50D5AF5A-8806-450D-8913-737A52AA720A}.Debug|Any CPU.Build.0 = Debug|Any CPU
		{50D5AF5A-8806-450D-8913-737A52AA720A}.Release|Any CPU.ActiveCfg = Release|Any CPU
		{50D5AF5A-8806-450D-8913-737A52AA720A}.Release|Any CPU.Build.0 = Release|Any CPU
		{781DDB08-5C59-47E8-B34A-5C9ABC7174B6}.Debug|Any CPU.ActiveCfg = Debug|Any CPU
		{781DDB08-5C59-47E8-B34A-5C9ABC7174B6}.Debug|Any CPU.Build.0 = Debug|Any CPU
		{781DDB08-5C59-47E8-B34A-5C9ABC7174B6}.Release|Any CPU.ActiveCfg = Release|Any CPU
		{781DDB08-5C59-47E8-B34A-5C9ABC7174B6}.Release|Any CPU.Build.0 = Release|Any CPU
		{82D1E99C-A02F-4528-BEE3-8F566755DA6E}.Debug|Any CPU.ActiveCfg = Debug|Any CPU
		{82D1E99C-A02F-4528-BEE3-8F566755DA6E}.Debug|Any CPU.Build.0 = Debug|Any CPU
		{82D1E99C-A02F-4528-BEE3-8F566755DA6E}.Release|Any CPU.ActiveCfg = Release|Any CPU
		{82D1E99C-A02F-4528-BEE3-8F566755DA6E}.Release|Any CPU.Build.0 = Release|Any CPU
	EndGlobalSection
	GlobalSection(SolutionProperties) = preSolution
		HideSolutionNode = FALSE
	EndGlobalSection
	GlobalSection(NestedProjects) = preSolution
		{0DBD3047-DF7F-4D4D-98A0-DE0A166C7677} = {CC49EEAC-A745-419E-8AB0-724BFB1B1490}
		{50D5AF5A-8806-450D-8913-737A52AA720A} = {CC49EEAC-A745-419E-8AB0-724BFB1B1490}
		{781DDB08-5C59-47E8-B34A-5C9ABC7174B6} = {CC49EEAC-A745-419E-8AB0-724BFB1B1490}
		{82D1E99C-A02F-4528-BEE3-8F566755DA6E} = {DA8043FD-E4A4-45AE-83F5-E7871FF25D17}
	EndGlobalSection
	GlobalSection(ExtensibilityGlobals) = postSolution
		SolutionGuid = {BFD48580-CC86-49FF-B34E-4FCDFD2DD549}
	EndGlobalSection
EndGlobal
