
Microsoft Visual Studio Solution File, Format Version 12.00
# Visual Studio Version 16
VisualStudioVersion = 16.0.30907.101
MinimumVisualStudioVersion = 10.0.40219.1
Project("{FAE04EC0-301F-11D3-BF4B-00C04F79EFBC}") = "SD.FileSystem.WindowsClient", "samples\SD.FileSystem.WindowsClient\SD.FileSystem.WindowsClient.csproj", "{A6348248-2F78-4704-849F-1460E0B79F8E}"
EndProject
Project("{FAE04EC0-301F-11D3-BF4B-00C04F79EFBC}") = "SD.FileSystem.WebClient", "samples\SD.FileSystem.WebClient\SD.FileSystem.WebClient.csproj", "{0DBD3047-DF7F-4D4D-98A0-DE0A166C7677}"
EndProject
Global
	GlobalSection(SolutionConfigurationPlatforms) = preSolution
		Debug|Any CPU = Debug|Any CPU
		Release|Any CPU = Release|Any CPU
	EndGlobalSection
	GlobalSection(ProjectConfigurationPlatforms) = postSolution
		{A6348248-2F78-4704-849F-1460E0B79F8E}.Debug|Any CPU.ActiveCfg = Debug|Any CPU
		{A6348248-2F78-4704-849F-1460E0B79F8E}.Debug|Any CPU.Build.0 = Debug|Any CPU
		{A6348248-2F78-4704-849F-1460E0B79F8E}.Release|Any CPU.ActiveCfg = Release|Any CPU
		{A6348248-2F78-4704-849F-1460E0B79F8E}.Release|Any CPU.Build.0 = Release|Any CPU
		{0DBD3047-DF7F-4D4D-98A0-DE0A166C7677}.Debug|Any CPU.ActiveCfg = Debug|Any CPU
		{0DBD3047-DF7F-4D4D-98A0-DE0A166C7677}.Debug|Any CPU.Build.0 = Debug|Any CPU
		{0DBD3047-DF7F-4D4D-98A0-DE0A166C7677}.Release|Any CPU.ActiveCfg = Release|Any CPU
		{0DBD3047-DF7F-4D4D-98A0-DE0A166C7677}.Release|Any CPU.Build.0 = Release|Any CPU
	EndGlobalSection
	GlobalSection(SolutionProperties) = preSolution
		HideSolutionNode = FALSE
	EndGlobalSection
	GlobalSection(ExtensibilityGlobals) = postSolution
		SolutionGuid = {BFD48580-CC86-49FF-B34E-4FCDFD2DD549}
	EndGlobalSection
EndGlobal
