
Microsoft Visual Studio Solution File, Format Version 12.00
# Visual Studio Version 16
VisualStudioVersion = 16.0.30907.101
MinimumVisualStudioVersion = 10.0.40219.1
Project("{9A19103F-16F7-4668-BE54-9A1E7A4F7556}") = "SD.FileSystem.Domain", "src\SD.FileSystem.Domain\SD.FileSystem.Domain.csproj", "{16F9D846-1A08-40FA-AE75-174567AB6643}"
EndProject
Project("{9A19103F-16F7-4668-BE54-9A1E7A4F7556}") = "SD.FileSystem.Repository(EF6)", "src\SD.FileSystem.Repository(EF6)\SD.FileSystem.Repository(EF6).csproj", "{03EA83FC-6D6B-4B2B-9051-590D79343ADA}"
EndProject
Project("{9A19103F-16F7-4668-BE54-9A1E7A4F7556}") = "SD.FileSystem.Repository(EFCore)", "src\SD.FileSystem.Repository(EFCore)\SD.FileSystem.Repository(EFCore).csproj", "{51DFE6F3-02A8-40AF-8230-66CAE649B355}"
EndProject
Project("{2150E333-8FDC-42A3-9474-1A3956D46DE8}") = "00 - Hosts", "00 - Hosts", "{43B4B53A-67B6-41C2-8B05-826349308421}"
EndProject
Project("{2150E333-8FDC-42A3-9474-1A3956D46DE8}") = "01 - 应用程序服务", "01 - 应用程序服务", "{35395B1A-9D77-4956-9956-178D7F6A49D1}"
EndProject
Project("{2150E333-8FDC-42A3-9474-1A3956D46DE8}") = "02 - 领域核心", "02 - 领域核心", "{CBEEBED7-110A-4E82-9150-7F7DA783629C}"
EndProject
Project("{2150E333-8FDC-42A3-9474-1A3956D46DE8}") = "03 仓储实现", "03 仓储实现", "{43265257-342F-44C0-981F-0009131F6531}"
EndProject
Project("{9A19103F-16F7-4668-BE54-9A1E7A4F7556}") = "SD.FileSystem.AppService.Host(CoreWebApi)", "src\SD.FileSystem.AppService.Host(CoreWebApi)\SD.FileSystem.AppService.Host(CoreWebApi).csproj", "{8762B2B9-EB56-4DC5-8FF3-7099B8EA7D79}"
EndProject
Project("{9A19103F-16F7-4668-BE54-9A1E7A4F7556}") = "SD.FileSystem.AppService.Host(OwinWebApi)", "src\SD.FileSystem.AppService.Host(OwinWebApi)\SD.FileSystem.AppService.Host(OwinWebApi).csproj", "{2689FAD0-0A9B-49DF-A756-F1C4A9BBC840}"
EndProject
Global
	GlobalSection(SolutionConfigurationPlatforms) = preSolution
		Debug|Any CPU = Debug|Any CPU
		Release|Any CPU = Release|Any CPU
	EndGlobalSection
	GlobalSection(ProjectConfigurationPlatforms) = postSolution
		{16F9D846-1A08-40FA-AE75-174567AB6643}.Debug|Any CPU.ActiveCfg = Debug|Any CPU
		{16F9D846-1A08-40FA-AE75-174567AB6643}.Debug|Any CPU.Build.0 = Debug|Any CPU
		{16F9D846-1A08-40FA-AE75-174567AB6643}.Release|Any CPU.ActiveCfg = Release|Any CPU
		{16F9D846-1A08-40FA-AE75-174567AB6643}.Release|Any CPU.Build.0 = Release|Any CPU
		{03EA83FC-6D6B-4B2B-9051-590D79343ADA}.Debug|Any CPU.ActiveCfg = Debug|Any CPU
		{03EA83FC-6D6B-4B2B-9051-590D79343ADA}.Debug|Any CPU.Build.0 = Debug|Any CPU
		{03EA83FC-6D6B-4B2B-9051-590D79343ADA}.Release|Any CPU.ActiveCfg = Release|Any CPU
		{03EA83FC-6D6B-4B2B-9051-590D79343ADA}.Release|Any CPU.Build.0 = Release|Any CPU
		{51DFE6F3-02A8-40AF-8230-66CAE649B355}.Debug|Any CPU.ActiveCfg = Debug|Any CPU
		{51DFE6F3-02A8-40AF-8230-66CAE649B355}.Debug|Any CPU.Build.0 = Debug|Any CPU
		{51DFE6F3-02A8-40AF-8230-66CAE649B355}.Release|Any CPU.ActiveCfg = Release|Any CPU
		{51DFE6F3-02A8-40AF-8230-66CAE649B355}.Release|Any CPU.Build.0 = Release|Any CPU
		{8762B2B9-EB56-4DC5-8FF3-7099B8EA7D79}.Debug|Any CPU.ActiveCfg = Debug|Any CPU
		{8762B2B9-EB56-4DC5-8FF3-7099B8EA7D79}.Debug|Any CPU.Build.0 = Debug|Any CPU
		{8762B2B9-EB56-4DC5-8FF3-7099B8EA7D79}.Release|Any CPU.ActiveCfg = Release|Any CPU
		{8762B2B9-EB56-4DC5-8FF3-7099B8EA7D79}.Release|Any CPU.Build.0 = Release|Any CPU
		{2689FAD0-0A9B-49DF-A756-F1C4A9BBC840}.Debug|Any CPU.ActiveCfg = Debug|Any CPU
		{2689FAD0-0A9B-49DF-A756-F1C4A9BBC840}.Debug|Any CPU.Build.0 = Debug|Any CPU
		{2689FAD0-0A9B-49DF-A756-F1C4A9BBC840}.Release|Any CPU.ActiveCfg = Release|Any CPU
		{2689FAD0-0A9B-49DF-A756-F1C4A9BBC840}.Release|Any CPU.Build.0 = Release|Any CPU
	EndGlobalSection
	GlobalSection(SolutionProperties) = preSolution
		HideSolutionNode = FALSE
	EndGlobalSection
	GlobalSection(NestedProjects) = preSolution
		{16F9D846-1A08-40FA-AE75-174567AB6643} = {CBEEBED7-110A-4E82-9150-7F7DA783629C}
		{03EA83FC-6D6B-4B2B-9051-590D79343ADA} = {43265257-342F-44C0-981F-0009131F6531}
		{51DFE6F3-02A8-40AF-8230-66CAE649B355} = {43265257-342F-44C0-981F-0009131F6531}
		{8762B2B9-EB56-4DC5-8FF3-7099B8EA7D79} = {43B4B53A-67B6-41C2-8B05-826349308421}
		{2689FAD0-0A9B-49DF-A756-F1C4A9BBC840} = {43B4B53A-67B6-41C2-8B05-826349308421}
	EndGlobalSection
	GlobalSection(ExtensibilityGlobals) = postSolution
		SolutionGuid = {69385B60-A839-46F9-B41A-993CCA153F40}
	EndGlobalSection
EndGlobal
