
Microsoft Visual Studio Solution File, Format Version 12.00
# Visual Studio Version 16
VisualStudioVersion = 16.0.30907.101
MinimumVisualStudioVersion = 10.0.40219.1
Project("{9A19103F-16F7-4668-BE54-9A1E7A4F7556}") = "SD.FileSystem.Domain", "src\SD.FileSystem.Domain\SD.FileSystem.Domain.csproj", "{16F9D846-1A08-40FA-AE75-174567AB6643}"
EndProject
Project("{9A19103F-16F7-4668-BE54-9A1E7A4F7556}") = "SD.FileSystem.Repository(EF6)", "src\SD.FileSystem.Repository(EF6)\SD.FileSystem.Repository(EF6).csproj", "{03EA83FC-6D6B-4B2B-9051-590D79343ADA}"
EndProject
Project("{9A19103F-16F7-4668-BE54-9A1E7A4F7556}") = "SD.FileSystem.Repository(EFCore)", "src\SD.FileSystem.Repository(EFCore)\SD.FileSystem.Repository(EFCore).csproj", "{51DFE6F3-02A8-40AF-8230-66CAE649B355}"
EndProject
Project("{2150E333-8FDC-42A3-9474-1A3956D46DE8}") = "00 - Hosts", "00 - Hosts", "{43B4B53A-67B6-41C2-8B05-826349308421}"
EndProject
Project("{2150E333-8FDC-42A3-9474-1A3956D46DE8}") = "01 - 应用程序服务", "01 - 应用程序服务", "{35395B1A-9D77-4956-9956-178D7F6A49D1}"
EndProject
Project("{2150E333-8FDC-42A3-9474-1A3956D46DE8}") = "02 - 领域核心", "02 - 领域核心", "{CBEEBED7-110A-4E82-9150-7F7DA783629C}"
EndProject
Project("{2150E333-8FDC-42A3-9474-1A3956D46DE8}") = "03 - 仓储实现", "03 - 仓储实现", "{43265257-342F-44C0-981F-0009131F6531}"
EndProject
Project("{9A19103F-16F7-4668-BE54-9A1E7A4F7556}") = "SD.FileSystem.AppService.Host(CoreWebApi)", "src\SD.FileSystem.AppService.Host(CoreWebApi)\SD.FileSystem.AppService.Host(CoreWebApi).csproj", "{8762B2B9-EB56-4DC5-8FF3-7099B8EA7D79}"
EndProject
Project("{9A19103F-16F7-4668-BE54-9A1E7A4F7556}") = "SD.FileSystem.AppService", "src\SD.FileSystem.AppService\SD.FileSystem.AppService.csproj", "{77DCD7BE-BD65-4585-8314-D97F3118565F}"
EndProject
Project("{9A19103F-16F7-4668-BE54-9A1E7A4F7556}") = "SD.FileSystem.IAppService", "src\SD.FileSystem.IAppService\SD.FileSystem.IAppService.csproj", "{C8FC9409-0A56-4688-9C53-9215BC7FA694}"
EndProject
Project("{9A19103F-16F7-4668-BE54-9A1E7A4F7556}") = "SD.FileSystem.AppService.Host(CoreWCF)", "src\SD.FileSystem.AppService.Host(CoreWCF)\SD.FileSystem.AppService.Host(CoreWCF).csproj", "{806031EF-B188-4F6C-A409-5AA3BB3B7BE2}"
EndProject
Project("{9A19103F-16F7-4668-BE54-9A1E7A4F7556}") = "SD.FileSystem.AppService.Host(WCF)", "src\SD.FileSystem.AppService.Host(WCF)\SD.FileSystem.AppService.Host(WCF).csproj", "{0C540BB5-7AC9-4F6E-A738-82A7BE0D1E74}"
EndProject
Project("{9A19103F-16F7-4668-BE54-9A1E7A4F7556}") = "SD.FileSystem.AppService.Host(WebApi)", "src\SD.FileSystem.AppService.Host(WebApi)\SD.FileSystem.AppService.Host(WebApi).csproj", "{18D14905-BD95-4942-B59A-B7C75936D983}"
EndProject
Global
	GlobalSection(SolutionConfigurationPlatforms) = preSolution
		Debug|Any CPU = Debug|Any CPU
		Release|Any CPU = Release|Any CPU
	EndGlobalSection
	GlobalSection(ProjectConfigurationPlatforms) = postSolution
		{16F9D846-1A08-40FA-AE75-174567AB6643}.Debug|Any CPU.ActiveCfg = Debug|Any CPU
		{16F9D846-1A08-40FA-AE75-174567AB6643}.Debug|Any CPU.Build.0 = Debug|Any CPU
		{16F9D846-1A08-40FA-AE75-174567AB6643}.Release|Any CPU.ActiveCfg = Release|Any CPU
		{16F9D846-1A08-40FA-AE75-174567AB6643}.Release|Any CPU.Build.0 = Release|Any CPU
		{03EA83FC-6D6B-4B2B-9051-590D79343ADA}.Debug|Any CPU.ActiveCfg = Debug|Any CPU
		{03EA83FC-6D6B-4B2B-9051-590D79343ADA}.Debug|Any CPU.Build.0 = Debug|Any CPU
		{03EA83FC-6D6B-4B2B-9051-590D79343ADA}.Release|Any CPU.ActiveCfg = Release|Any CPU
		{03EA83FC-6D6B-4B2B-9051-590D79343ADA}.Release|Any CPU.Build.0 = Release|Any CPU
		{51DFE6F3-02A8-40AF-8230-66CAE649B355}.Debug|Any CPU.ActiveCfg = Debug|Any CPU
		{51DFE6F3-02A8-40AF-8230-66CAE649B355}.Debug|Any CPU.Build.0 = Debug|Any CPU
		{51DFE6F3-02A8-40AF-8230-66CAE649B355}.Release|Any CPU.ActiveCfg = Release|Any CPU
		{51DFE6F3-02A8-40AF-8230-66CAE649B355}.Release|Any CPU.Build.0 = Release|Any CPU
		{8762B2B9-EB56-4DC5-8FF3-7099B8EA7D79}.Debug|Any CPU.ActiveCfg = Debug|Any CPU
		{8762B2B9-EB56-4DC5-8FF3-7099B8EA7D79}.Debug|Any CPU.Build.0 = Debug|Any CPU
		{8762B2B9-EB56-4DC5-8FF3-7099B8EA7D79}.Release|Any CPU.ActiveCfg = Release|Any CPU
		{8762B2B9-EB56-4DC5-8FF3-7099B8EA7D79}.Release|Any CPU.Build.0 = Release|Any CPU
		{77DCD7BE-BD65-4585-8314-D97F3118565F}.Debug|Any CPU.ActiveCfg = Debug|Any CPU
		{77DCD7BE-BD65-4585-8314-D97F3118565F}.Debug|Any CPU.Build.0 = Debug|Any CPU
		{77DCD7BE-BD65-4585-8314-D97F3118565F}.Release|Any CPU.ActiveCfg = Release|Any CPU
		{77DCD7BE-BD65-4585-8314-D97F3118565F}.Release|Any CPU.Build.0 = Release|Any CPU
		{C8FC9409-0A56-4688-9C53-9215BC7FA694}.Debug|Any CPU.ActiveCfg = Debug|Any CPU
		{C8FC9409-0A56-4688-9C53-9215BC7FA694}.Debug|Any CPU.Build.0 = Debug|Any CPU
		{C8FC9409-0A56-4688-9C53-9215BC7FA694}.Release|Any CPU.ActiveCfg = Release|Any CPU
		{C8FC9409-0A56-4688-9C53-9215BC7FA694}.Release|Any CPU.Build.0 = Release|Any CPU
		{806031EF-B188-4F6C-A409-5AA3BB3B7BE2}.Debug|Any CPU.ActiveCfg = Debug|Any CPU
		{806031EF-B188-4F6C-A409-5AA3BB3B7BE2}.Debug|Any CPU.Build.0 = Debug|Any CPU
		{806031EF-B188-4F6C-A409-5AA3BB3B7BE2}.Release|Any CPU.ActiveCfg = Release|Any CPU
		{806031EF-B188-4F6C-A409-5AA3BB3B7BE2}.Release|Any CPU.Build.0 = Release|Any CPU
		{0C540BB5-7AC9-4F6E-A738-82A7BE0D1E74}.Debug|Any CPU.ActiveCfg = Debug|Any CPU
		{0C540BB5-7AC9-4F6E-A738-82A7BE0D1E74}.Debug|Any CPU.Build.0 = Debug|Any CPU
		{0C540BB5-7AC9-4F6E-A738-82A7BE0D1E74}.Release|Any CPU.ActiveCfg = Release|Any CPU
		{0C540BB5-7AC9-4F6E-A738-82A7BE0D1E74}.Release|Any CPU.Build.0 = Release|Any CPU
		{18D14905-BD95-4942-B59A-B7C75936D983}.Debug|Any CPU.ActiveCfg = Debug|Any CPU
		{18D14905-BD95-4942-B59A-B7C75936D983}.Debug|Any CPU.Build.0 = Debug|Any CPU
		{18D14905-BD95-4942-B59A-B7C75936D983}.Release|Any CPU.ActiveCfg = Release|Any CPU
		{18D14905-BD95-4942-B59A-B7C75936D983}.Release|Any CPU.Build.0 = Release|Any CPU
	EndGlobalSection
	GlobalSection(SolutionProperties) = preSolution
		HideSolutionNode = FALSE
	EndGlobalSection
	GlobalSection(NestedProjects) = preSolution
		{16F9D846-1A08-40FA-AE75-174567AB6643} = {CBEEBED7-110A-4E82-9150-7F7DA783629C}
		{03EA83FC-6D6B-4B2B-9051-590D79343ADA} = {43265257-342F-44C0-981F-0009131F6531}
		{51DFE6F3-02A8-40AF-8230-66CAE649B355} = {43265257-342F-44C0-981F-0009131F6531}
		{8762B2B9-EB56-4DC5-8FF3-7099B8EA7D79} = {43B4B53A-67B6-41C2-8B05-826349308421}
		{77DCD7BE-BD65-4585-8314-D97F3118565F} = {35395B1A-9D77-4956-9956-178D7F6A49D1}
		{C8FC9409-0A56-4688-9C53-9215BC7FA694} = {35395B1A-9D77-4956-9956-178D7F6A49D1}
		{806031EF-B188-4F6C-A409-5AA3BB3B7BE2} = {43B4B53A-67B6-41C2-8B05-826349308421}
		{0C540BB5-7AC9-4F6E-A738-82A7BE0D1E74} = {43B4B53A-67B6-41C2-8B05-826349308421}
		{18D14905-BD95-4942-B59A-B7C75936D983} = {43B4B53A-67B6-41C2-8B05-826349308421}
	EndGlobalSection
	GlobalSection(ExtensibilityGlobals) = postSolution
		SolutionGuid = {69385B60-A839-46F9-B41A-993CCA153F40}
	EndGlobalSection
EndGlobal
